Microsoft Visual Studio Solution File, Format Version 12.00
# Visual Studio 15
VisualStudioVersion = 15.0.27130.2036
MinimumVisualStudioVersion = 10.0.40219.1
Project("{FAE04EC0-301F-11D3-BF4B-00C04F79EFBC}") = "ProtocolBuffers", "ProtocolBuffers\ProtocolBuffers.NETSTANDARD.csproj", "{6908BDCE-D925-43F3-94AC-A531E6DF2591}"
EndProject
Project("{FAE04EC0-301F-11D3-BF4B-00C04F79EFBC}") = "ProtocolBuffers.Serialization", "ProtocolBuffers.Serialization\ProtocolBuffers.Serialization.NETSTANDARD.csproj", "{231391AF-449C-4A39-986C-AD7F270F4750}"
EndProject

Global
	GlobalSection(SolutionConfigurationPlatforms) = preSolution
		Debug|Any CPU = Debug|Any CPU
		Release|Any CPU = Release|Any CPU
	EndGlobalSection
	GlobalSection(ProjectConfigurationPlatforms) = postSolution
		{6908BDCE-D925-43F3-94AC-A531E6DF2591}.Debug|Any CPU.ActiveCfg = Debug|Any CPU
		{6908BDCE-D925-43F3-94AC-A531E6DF2591}.Debug|Any CPU.Build.0 = Debug|Any CPU
		{6908BDCE-D925-43F3-94AC-A531E6DF2591}.Release|Any CPU.ActiveCfg = Release|Any CPU
		{6908BDCE-D925-43F3-94AC-A531E6DF2591}.Release|Any CPU.Build.0 = Release|Any CPU
		{231391AF-449C-4A39-986C-AD7F270F4750}.Debug|Any CPU.ActiveCfg = Debug|Any CPU
		{231391AF-449C-4A39-986C-AD7F270F4750}.Debug|Any CPU.Build.0 = Debug|Any CPU
		{231391AF-449C-4A39-986C-AD7F270F4750}.Release|Any CPU.ActiveCfg = Release|Any CPU
		{231391AF-449C-4A39-986C-AD7F270F4750}.Release|Any CPU.Build.0 = Release|Any CPU
		
	EndGlobalSection
	GlobalSection(SolutionProperties) = preSolution
		HideSolutionNode = FALSE
	EndGlobalSection
EndGlobal
